
Microsoft Visual Studio Solution File, Format Version 12.00
# Visual Studio Version 16
VisualStudioVersion = 16.0.32901.82
MinimumVisualStudioVersion = 10.0.40219.1
Project("{FAE04EC0-301F-11D3-BF4B-00C04F79EFBC}") = "WebCafe2", "WebCafe2\WebCafe2.csproj", "{001B0AB3-21A4-47F9-B590-CC22B2B90B0D}"
EndProject
Global
	GlobalSection(SolutionConfigurationPlatforms) = preSolution
		Debug|Any CPU = Debug|Any CPU
		Release|Any CPU = Release|Any CPU
	EndGlobalSection
	GlobalSection(ProjectConfigurationPlatforms) = postSolution
		{001B0AB3-21A4-47F9-B590-CC22B2B90B0D}.Debug|Any CPU.ActiveCfg = Debug|Any CPU
		{001B0AB3-21A4-47F9-B590-CC22B2B90B0D}.Debug|Any CPU.Build.0 = Debug|Any CPU
		{001B0AB3-21A4-47F9-B590-CC22B2B90B0D}.Release|Any CPU.ActiveCfg = Release|Any CPU
		{001B0AB3-21A4-47F9-B590-CC22B2B90B0D}.Release|Any CPU.Build.0 = Release|Any CPU
	EndGlobalSection
	GlobalSection(SolutionProperties) = preSolution
		HideSolutionNode = FALSE
	EndGlobalSection
	GlobalSection(ExtensibilityGlobals) = postSolution
		SolutionGuid = {CC0F762D-7531-417B-A54C-2293313EF4A5}
	EndGlobalSection
EndGlobal
